
Microsoft Visual Studio Solution File, Format Version 12.00
# Visual Studio Version 16
VisualStudioVersion = 16.0.31025.194
MinimumVisualStudioVersion = 10.0.40219.1
Project("{FAE04EC0-301F-11D3-BF4B-00C04F79EFBC}") = "desafio-Introducao-programacao-C-sharp", "desafio-Introducao-programacao-C-sharp\desafio-Introducao-programacao-C-sharp.csproj", "{06B2CA1B-7867-4876-81AC-B53F363CA51E}"
EndProject
Global
	GlobalSection(SolutionConfigurationPlatforms) = preSolution
		Debug|Any CPU = Debug|Any CPU
		Release|Any CPU = Release|Any CPU
	EndGlobalSection
	GlobalSection(ProjectConfigurationPlatforms) = postSolution
		{06B2CA1B-7867-4876-81AC-B53F363CA51E}.Debug|Any CPU.ActiveCfg = Debug|Any CPU
		{06B2CA1B-7867-4876-81AC-B53F363CA51E}.Debug|Any CPU.Build.0 = Debug|Any CPU
		{06B2CA1B-7867-4876-81AC-B53F363CA51E}.Release|Any CPU.ActiveCfg = Release|Any CPU
		{06B2CA1B-7867-4876-81AC-B53F363CA51E}.Release|Any CPU.Build.0 = Release|Any CPU
	EndGlobalSection
	GlobalSection(SolutionProperties) = preSolution
		HideSolutionNode = FALSE
	EndGlobalSection
	GlobalSection(ExtensibilityGlobals) = postSolution
		SolutionGuid = {F03F9420-6410-40BD-BA0F-C31D8C655BD7}
	EndGlobalSection
EndGlobal
